
Microsoft Visual Studio Solution File, Format Version 12.00
# Visual Studio Version 17
VisualStudioVersion = 17.10.34928.147
MinimumVisualStudioVersion = 10.0.40219.1
Project("{9A19103F-16F7-4668-BE54-9A1E7A4F7556}") = "WebApplication1.1", "WebApplication1.1\WebApplication1.1.csproj", "{76D7D4F2-688E-4C6A-A41A-94AC9930354D}"
EndProject
Project("{9A19103F-16F7-4668-BE54-9A1E7A4F7556}") = "WebApplication2", "WebApplication2\WebApplication2.csproj", "{937EA912-2B05-4F86-9A7E-653566E95E67}"
EndProject
Project("{9A19103F-16F7-4668-BE54-9A1E7A4F7556}") = "WebApplication2Homework", "WebApplication2Homework\WebApplication2Homework.csproj", "{775C7031-FEED-4886-871B-B90041BC8560}"
EndProject
Global
	GlobalSection(SolutionConfigurationPlatforms) = preSolution
		Debug|Any CPU = Debug|Any CPU
		Release|Any CPU = Release|Any CPU
	EndGlobalSection
	GlobalSection(ProjectConfigurationPlatforms) = postSolution
		{76D7D4F2-688E-4C6A-A41A-94AC9930354D}.Debug|Any CPU.ActiveCfg = Debug|Any CPU
		{76D7D4F2-688E-4C6A-A41A-94AC9930354D}.Debug|Any CPU.Build.0 = Debug|Any CPU
		{76D7D4F2-688E-4C6A-A41A-94AC9930354D}.Release|Any CPU.ActiveCfg = Release|Any CPU
		{76D7D4F2-688E-4C6A-A41A-94AC9930354D}.Release|Any CPU.Build.0 = Release|Any CPU
		{937EA912-2B05-4F86-9A7E-653566E95E67}.Debug|Any CPU.ActiveCfg = Debug|Any CPU
		{937EA912-2B05-4F86-9A7E-653566E95E67}.Debug|Any CPU.Build.0 = Debug|Any CPU
		{937EA912-2B05-4F86-9A7E-653566E95E67}.Release|Any CPU.ActiveCfg = Release|Any CPU
		{937EA912-2B05-4F86-9A7E-653566E95E67}.Release|Any CPU.Build.0 = Release|Any CPU
		{775C7031-FEED-4886-871B-B90041BC8560}.Debug|Any CPU.ActiveCfg = Debug|Any CPU
		{775C7031-FEED-4886-871B-B90041BC8560}.Debug|Any CPU.Build.0 = Debug|Any CPU
		{775C7031-FEED-4886-871B-B90041BC8560}.Release|Any CPU.ActiveCfg = Release|Any CPU
		{775C7031-FEED-4886-871B-B90041BC8560}.Release|Any CPU.Build.0 = Release|Any CPU
	EndGlobalSection
	GlobalSection(SolutionProperties) = preSolution
		HideSolutionNode = FALSE
	EndGlobalSection
	GlobalSection(ExtensibilityGlobals) = postSolution
		SolutionGuid = {421671C4-7313-4AB4-96D9-E23D895C718D}
	EndGlobalSection
EndGlobal
